
Microsoft Visual Studio Solution File, Format Version 12.00
# Visual Studio Version 16
VisualStudioVersion = 16.0.29920.165
MinimumVisualStudioVersion = 10.0.40219.1
Project("{FAE04EC0-301F-11D3-BF4B-00C04F79EFBC}") = "tareaxls", "tareaxls.csproj", "{FDE320AE-D0B1-41D3-8A7B-EEB5541BF6D5}"
EndProject
Global
	GlobalSection(SolutionConfigurationPlatforms) = preSolution
		Debug|Any CPU = Debug|Any CPU
		Release|Any CPU = Release|Any CPU
	EndGlobalSection
	GlobalSection(ProjectConfigurationPlatforms) = postSolution
		{FDE320AE-D0B1-41D3-8A7B-EEB5541BF6D5}.Debug|Any CPU.ActiveCfg = Debug|Any CPU
		{FDE320AE-D0B1-41D3-8A7B-EEB5541BF6D5}.Debug|Any CPU.Build.0 = Debug|Any CPU
		{FDE320AE-D0B1-41D3-8A7B-EEB5541BF6D5}.Release|Any CPU.ActiveCfg = Release|Any CPU
		{FDE320AE-D0B1-41D3-8A7B-EEB5541BF6D5}.Release|Any CPU.Build.0 = Release|Any CPU
	EndGlobalSection
	GlobalSection(SolutionProperties) = preSolution
		HideSolutionNode = FALSE
	EndGlobalSection
	GlobalSection(ExtensibilityGlobals) = postSolution
		SolutionGuid = {36FE2787-59D8-4448-BCA9-1E79AEBD257D}
	EndGlobalSection
EndGlobal
